version = 1
revision = 3
requires-python = ">=3.14, <4"

[[package]]
name = "anyio"
version = "4.15.1"
source = { registry = "https://pypi.org/simple" }
dependencies = [
    { name = "idna" },
    { name = "typing-extensions", marker = "python_full_version < '3.15'" },
]
sdist = { url = "https://files.pythonhosted.org/packages/a9/d2/f4d173e22df740bc37b1db102b386ba719b66e95b0f0d751f556b387e6d2/anyio-4.15.1.tar.gz", hash = "sha256:9f28306018cbd6d329e64a36d58256edff76dd996fe423bc957326e578b82a94", size = 276966, upload-time = "2026-09-05T10:42:39.44Z" }
wheels = [
    { url = "https://files.pythonhosted.org/packages/12/b8/4bd346e22b28902df4d651910f5242c28d84e4a5c2435ca5c3f797ed7e2e/anyio-4.15.1-py3-none-any.whl", hash = "sha256:6152fdbbf9a77fdec97731721bebf7c4c44f7c29b424b0065826173efc7ed101", size = 132079, upload-time = "2026-09-05T10:42:37.923Z" },
]

[[package]]
name = "certifi"
version = "2026.7.22"
source = { registry = "https://pypi.org/simple" }
sdist = { url = "https://files.pythonhosted.org/packages/a3/c2/24167ea9858356b47a87a50d39908bfdb72ceeefe0041586e704e5376b3a/certifi-2026.7.22.tar.gz", hash = "sha256:741e2c3b351ddf169a738da9f2c048608ff7f2c5cc02f1ebc6b118bb090d5d55", size = 138112, upload-time = "2026-07-22T03:35:12.644Z" }
wheels = [
    { url = "https://files.pythonhosted.org/packages/0b/a7/71ac2cff56fec219ed242bb11b8efb69fcc4bec75db06fb7bfe35de520e6/certifi-2026.7.22-py3-none-any.whl", hash = "sha256:62f22742b58a1a33014a2b6b706588a8d7e2a88ae7bd1a6ebe8c992928483775", size = 136983, upload-time = "2026-07-22T03:35:11.276Z" },
]

[[package]]
name = "cffi"
version = "2.1.1"
source = { registry = "https://pypi.org/simple" }
dependencies = [
    { name = "pycparser", marker = "implementation_name != 'PyPy'" },
]
sdist = { url = "https://files.pythonhosted.org/packages/9e/ef/008a1939e372c06329a3fce4279c02f328488f3526744906eeec3da7ad5f/cffi-2.1.1.tar.gz", hash = "sha256:dd31f52ea1086513bb9df30f8fcee9b8918323ae067a3d5b78bc826a000712be", size = 530807, upload-time = "2026-08-03T21:21:18.939Z" }
wheels = [
    { url = "https://files.pythonhosted.org/packages/d3/7b/d6bbf82b8b96e7391438898c42f5bd96dd02030fd5b64937d248220003e2/cffi-2.1.1-cp314-cp314-ios_13_0_arm64_iphoneos.whl", hash = "sha256:7dbb61fe3a7699468030f71bbe5f8a0e326a151daa91beb11a6fc1f980c55e1c", size = 194064, upload-time = "2026-08-03T21:20:17.148Z" },
    { url = "https://files.pythonhosted.org/packages/94/e6/bcc91b283be94735e268487a054004f0aa19947b6348fa367db53230abc8/cffi-2.1.1-cp314-cp314-ios_13_0_arm64_iphonesimulator.whl", hash = "sha256:f24fb43132a4c6b4cb4eb029492919b2db645be6808d738f244fd146c03c32cb", size = 196720, upload-time = "2026-08-03T21:20:18.268Z" },
    { url = "https://files.pythonhosted.org/packages/d9/99/c4b0c17cacdc9c3b8f280026286a9826d6a208c0f047591a3c3ce99b91fd/cffi-2.1.1-cp314-cp314-macosx_10_15_x86_64.whl", hash = "sha256:d28630f5854ab07ab1fd4aba756de52326c82e6be15d414b12793f1975048b54", size = 184964, upload-time = "2026-08-03T21:20:19.708Z" },
    { url = "https://files.pythonhosted.org/packages/b3/a9/9db617d05d7367c1ad0ab00b3aa6e6f9281edd689b4ee9ea0e5a84e89c97/cffi-2.1.1-cp314-cp314-macosx_11_0_arm64.whl", hash = "sha256:661c298b4821edebead0c91edd2b00374d67ad7c5a1f7a91d4442633b79d6a72", size = 184962, upload-time = "2026-08-03T21:20:20.833Z" },
    { url = "https://files.pythonhosted.org/packages/67/b8/b42132ca113dc567d37684437b46ca1dafc885902b02a110a02d5b511857/cffi-2.1.1-cp314-cp314-manylinux2014_aarch64.manylinux_2_17_aarch64.whl", hash = "sha256:58acb8ab8e295e6c5ea12f888cbb13cf21511ef2a3303a23f4325c29d17fe5c1", size = 222328, upload-time = "2026-08-03T21:20:22.118Z" },
    { url = "https://files.pythonhosted.org/packages/80/10/c5c0cbf0a657aecf59ef511409734230bf556f05a0d6c9eed7aa5c0a0166/cffi-2.1.1-cp314-cp314-manylinux2014_ppc64le.manylinux_2_17_ppc64le.whl", hash = "sha256:456a61fa52d579ebf9df2e9552ead5129855dbaff6c1e5a9b1bc408809bdc062", size = 209985, upload-time = "2026-08-03T21:20:23.401Z" },
    { url = "https://files.pythonhosted.org/packages/d5/6c/bfa0b87b03b9238148beca990292843c9396ba069b54496596594173de7b/cffi-2.1.1-cp314-cp314-manylinux2014_s390x.manylinux_2_17_s390x.whl", hash = "sha256:a4f00aa42f75d6e4595e8866e748cc1705adc0cddfeb2ca86d0d03993d63ba03", size = 208530, upload-time = "2026-08-03T21:20:24.628Z" },
    { url = "https://files.pythonhosted.org/packages/e9/02/4e7d553a7ac4b4238b38b3c1b80d486e9d4436f8d2acbf87a0997fe3f402/cffi-2.1.1-cp314-cp314-manylinux2014_x86_64.manylinux_2_17_x86_64.whl", hash = "sha256:b0431303acaea1089ad4b3e9ce4e6518193def1118d4073ca848635ee4ea2e96", size = 221525, upload-time = "2026-08-03T21:20:25.758Z" },
    { url = "https://files.pythonhosted.org/packages/82/1d/a4aaf9babd75acb4d5f223bff71533bee748dd770a382619a798960ee9ba/cffi-2.1.1-cp314-cp314-musllinux_1_2_aarch64.whl", hash = "sha256:64faea20f4e2613363a1a9b9c7dd73058f3ecd00133a511e72ad7c511658f527", size = 225053, upload-time = "2026-08-03T21:20:26.985Z" },
    { url = "https://files.pythonhosted.org/packages/81/10/5dc0e7bdd18e22107054288283380fc97a06ae3f1656a106908d666a3c88/cffi-2.1.1-cp314-cp314-musllinux_1_2_x86_64.whl", hash = "sha256:5c58fe613dc5e5336357eff555824a314d8e43282600435c8d1cb6a7a2fedd13", size = 223213, upload-time = "2026-08-03T21:20:28.277Z" },
    { url = "https://files.pythonhosted.org/packages/0b/e9/d0061c364cde06ee43168a0d076ac1da512cbc380d44767b844ba34fe2b6/cffi-2.1.1-cp314-cp314-win32.whl", hash = "sha256:1a18a57b58cfb21fc28d72e876acf10eaed67a1ed96226f92af4df681d571c4c", size = 177682, upload-time = "2026-08-03T21:20:44.288Z" },
    { url = "https://files.pythonhosted.org/packages/a7/06/1c3e01e3ba14c39f6d10bfbac52753b7e22259e38088e5cfe1d704918690/cffi-2.1.1-cp314-cp314-win_amd64.whl", hash = "sha256:3222ba5d678f80a030e6afbcc33dc1ae5cb45facabb61cee2c7016b8432fde48", size = 187949, upload-time = "2026-08-03T21:20:45.623Z" },
    { url = "https://files.pythonhosted.org/packages/87/5b/da4e39efe18eeb89cf580ea9cfc66b6a7c3eadb808fc0cc1d3a295cb5a5d/cffi-2.1.1-cp314-cp314-win_arm64.whl", hash = "sha256:ab36d55f9ed2d067327667c2fea18dda018eb628dd6347aa01dda6cf1f5d3836", size = 182947, upload-time = "2026-08-03T21:20:46.955Z" },
    { url = "https://files.pythonhosted.org/packages/23/59/40338bf421c5accea1d45158170c87006ef1cd371b05c077e76476949728/cffi-2.1.1-cp314-cp314t-macosx_10_15_x86_64.whl", hash = "sha256:7750c6449dff7864bb9bb27ddfb0267756189201a3afc911d82b3caacd70dfc3", size = 188504, upload-time = "2026-08-03T21:20:29.495Z" },
    { url = "https://files.pythonhosted.org/packages/7d/47/5ecf1023850036e674c77ec4de86182d309ae344e39e7cba984b7df5d647/cffi-2.1.1-cp314-cp314t-macosx_11_0_arm64.whl", hash = "sha256:0beceaabe56af686895136a2de78db54ecd8e4046b236b8fd6d6cb61389e9bf2", size = 188259, upload-time = "2026-08-03T21:20:31.291Z" },
    { url = "https://files.pythonhosted.org/packages/2a/9c/92934c3bea9f785b23eba304538c0b4d37a2a96d2431eb3a1bc87a11aa19/cffi-2.1.1-cp314-cp314t-manylinux2014_aarch64.manylinux_2_17_aarch64.whl", hash = "sha256:49cbc70e6542d4ccccb936558d1064a8012541e78f821f955cff24e357776c94", size = 223864, upload-time = "2026-08-03T21:20:32.571Z" },
    { url = "https://files.pythonhosted.org/packages/4d/45/ba4c93527bc38616a8bd36488acb69a2212d60486794f0c1f318949bbb76/cffi-2.1.1-cp314-cp314t-manylinux2014_ppc64le.manylinux_2_17_ppc64le.whl", hash = "sha256:e2d65b31f36619cda3999b78b2aa9632e76b78448e7a56fc4240824200e7c4fc", size = 211538, upload-time = "2026-08-03T21:20:33.808Z" },
    { url = "https://files.pythonhosted.org/packages/80/e9/b6ef565e452acb932fb0cb5443f44a78efbd1233e566f02b5a83855e9115/cffi-2.1.1-cp314-cp314t-manylinux2014_s390x.manylinux_2_17_s390x.whl", hash = "sha256:28907ab9bfb6aa13184cfc17c6b8e1023c5ab6fd7076d8c20a35e59fe04f8f29", size = 210688, upload-time = "2026-08-03T21:20:34.974Z" },
    { url = "https://files.pythonhosted.org/packages/9a/95/eff5f0cee78d2eabc7eebffec40d3fc1876b5f3c95582e018bb4b99601f2/cffi-2.1.1-cp314-cp314t-manylinux2014_x86_64.manylinux_2_17_x86_64.whl", hash = "sha256:51b31d1c98274844cfd7838ce00bfc27c7423a4dc00fc0772fc3331c2cc90676", size = 223803, upload-time = "2026-08-03T21:20:36.564Z" },
    { url = "https://files.pythonhosted.org/packages/fa/01/579d39fb8bef00a335a23d83757b44feb24cd6345a2c451b64cb67b9c362/cffi-2.1.1-cp314-cp314t-musllinux_1_2_aarch64.whl", hash = "sha256:5e7cecbaadb83884793e05828cee59b210b24583b9c7425d0ba6a754fe22eb4e", size = 226763, upload-time = "2026-08-03T21:20:37.816Z" },
    { url = "https://files.pythonhosted.org/packages/8d/b0/0b44f47c60b01b57b6e2bbd92343f13a85a1d93bc46ccf6e47e244acd99c/cffi-2.1.1-cp314-cp314t-musllinux_1_2_x86_64.whl", hash = "sha256:25792eac27877609e7bb06d42ff88278a6624fff2ba9bbb523c09616b117e80f", size = 225688, upload-time = "2026-08-03T21:20:38.959Z" },
    { url = "https://files.pythonhosted.org/packages/eb/d2/3b7176cb570a1d3e27faf67b72f591af508036e0d8b2be2ef9af9e8c84bb/cffi-2.1.1-cp314-cp314t-win32.whl", hash = "sha256:8ef53b2de9bcb9197d31854256575d59dbac0cba72ac627bb291ef5eceb74be4", size = 182868, upload-time = "2026-08-03T21:20:40.388Z" },
    { url = "https://files.pythonhosted.org/packages/56/78/31f00c1bcd97c9bbf55f1bfdf5bc809a5de8887473e90bb9960dca825e80/cffi-2.1.1-cp314-cp314t-win_amd64.whl", hash = "sha256:616f097f2fe415bc92a247f02e11f634e1f9e9a83d327e3c915c15089c87869e", size = 194104, upload-time = "2026-08-03T21:20:41.725Z" },
    { url = "https://files.pythonhosted.org/packages/7b/1b/58496f2ed0a35de575250c02a43ab3cc2c04d494a88fed31c1cabc0fd176/cffi-2.1.1-cp314-cp314t-win_arm64.whl", hash = "sha256:ad2c86c495b899d862ea0f4b42891b8713a3bd45dd4105c7fd51c2a72f39f3a5", size = 186402, upload-time = "2026-08-03T21:20:43.042Z" },
    { url = "https://files.pythonhosted.org/packages/c1/8f/9ebe220eab48a093d1a5a5e339ab0dc7316eef3bb04d63c42f0251b61f50/cffi-2.1.1-cp315-cp315-ios_13_0_arm64_iphoneos.whl", hash = "sha256:dddad92b554513a31f272570678ba307fb9f618f05e3d4a5eacafff9eae03e1d", size = 194043, upload-time = "2026-08-03T21:20:48.179Z" },
    { url = "https://files.pythonhosted.org/packages/ff/69/844bad3ece306c4782c2ecb93597035b6690d48704b803914c199da1e8b3/cffi-2.1.1-cp315-cp315-ios_13_0_arm64_iphonesimulator.whl", hash = "sha256:da0e573f9f97159390c89d9f1a9e41908b66d408cc5b58d08cf3847d844c531b", size = 196737, upload-time = "2026-08-03T21:20:49.457Z" },
    { url = "https://files.pythonhosted.org/packages/1b/8a/af668013284634733f02d683458a0728739c7d6ddb5e14cb0c20832266fe/cffi-2.1.1-cp315-cp315-macosx_10_15_x86_64.whl", hash = "sha256:fb92203a88b3d3053034db775110081c49d28be6551923805e039924093761e4", size = 184933, upload-time = "2026-08-03T21:20:50.639Z" },
    { url = "https://files.pythonhosted.org/packages/0c/75/2f5207ff6d1a613133b23a5203cc0c2a628313b5eb3974d7956ae3c57950/cffi-2.1.1-cp315-cp315-macosx_11_0_arm64.whl", hash = "sha256:2ae64be792b8966f2c69538199728b290e34726562896df1e5dc8ffd8d8188e8", size = 185002, upload-time = "2026-08-03T21:20:52.173Z" },
    { url = "https://files.pythonhosted.org/packages/e2/31/9e1313b0a6e30e91b3b3d3fff51ae99c857c07738e3afcce1f7334e1b7ab/cffi-2.1.1-cp315-cp315-manylinux2014_aarch64.manylinux_2_17_aarch64.whl", hash = "sha256:507a24c282e0f42f8ed737cf048572cbf580468da5555764a8331735e9c736b6", size = 222271, upload-time = "2026-08-03T21:20:53.462Z" },
    { url = "https://files.pythonhosted.org/packages/50/e3/f6234a833e6e08c7007003074723c406559eecf9b48dfc97471e5a8eb7a0/cffi-2.1.1-cp315-cp315-manylinux2014_ppc64le.manylinux_2_17_ppc64le.whl", hash = "sha256:246fa40ce8645a614ff682e0b70f37134e460eaf93a775e0cbe3cca585a67a80", size = 209919, upload-time = "2026-08-03T21:20:54.783Z" },
    { url = "https://files.pythonhosted.org/packages/0d/fc/5f74e293fced6edb51af3a46c4ccf6c23c9943774ecb375ddbd522c76add/cffi-2.1.1-cp315-cp315-manylinux2014_s390x.manylinux_2_17_s390x.whl", hash = "sha256:471cee653ae88de62096552e6d24ccb4a5adb8c8c9f10b5054d0122c15bf2779", size = 208529, upload-time = "2026-08-03T21:20:56.066Z" },
    { url = "https://files.pythonhosted.org/packages/44/16/29e6d01b388bef055ecd6ca8244b3f4d336bd09e92d5d892187b9601084e/cffi-2.1.1-cp315-cp315-manylinux2014_x86_64.manylinux_2_17_x86_64.whl", hash = "sha256:aeae0e330c9f6acd681f647d46cefd30c29f93e3392882e792e82080c9691399", size = 221630, upload-time = "2026-08-03T21:20:57.336Z" },
    { url = "https://files.pythonhosted.org/packages/a4/18/fa7f1f6857d5eb88a4ca99ffcbfb7c387a287ccc154c64a73e86314745d7/cffi-2.1.1-cp315-cp315-musllinux_1_2_aarch64.whl", hash = "sha256:42a494cee34437f05546455144f2b5d9ac09b1face62bcfce597d2e521066688", size = 225134, upload-time = "2026-08-03T21:20:58.675Z" },
    { url = "https://files.pythonhosted.org/packages/e0/9f/e8e3dfa04a1b4c241f8c91faacad872b4d4efd051d49764ad4e2fd4b9fea/cffi-2.1.1-cp315-cp315-musllinux_1_2_x86_64.whl", hash = "sha256:cc572dace3f60ef98d7b12ff411d20f5362feb31a0439eab0085bbfd349982d7", size = 223197, upload-time = "2026-08-03T21:20:59.968Z" },
    { url = "https://files.pythonhosted.org/packages/f8/7e/8debeb04f1ab9fe2a6963964cd6f1aaf7192627b83926586a6a4e089c9fa/cffi-2.1.1-cp315-cp315-win32.whl", hash = "sha256:4f42141fc14250de6dde5ee7ea4432be017252d91f19c5ad043c084cea629cac", size = 177683, upload-time = "2026-08-03T21:21:14.901Z" },
    { url = "https://files.pythonhosted.org/packages/e0/31/5158704cc474ab65c1647932e88be78dc0873f47130e253be38bcaf13d01/cffi-2.1.1-cp315-cp315-win_amd64.whl", hash = "sha256:e6e8cff14d6fb0be70a09c0bdc58096f501952d04624ebf867e0e56da2df8960", size = 187897, upload-time = "2026-08-03T21:21:16.108Z" },
    { url = "https://files.pythonhosted.org/packages/cc/4b/b3a2da8570c704ffc0f9762cdc3ec0f02c8573798e0b5cf7f11c82bbb70f/cffi-2.1.1-cp315-cp315-win_arm64.whl", hash = "sha256:27350daa11d4f10c540e6e89dada4c54feb7256ad03e9a4dc075ebad7ba360d1", size = 182935, upload-time = "2026-08-03T21:21:17.271Z" },
    { url = "https://files.pythonhosted.org/packages/d0/ef/5443574510a1207e6f6bc38ba6e1f1de36cb48fef07b2728bb896a21f430/cffi-2.1.1-cp315-cp315t-macosx_10_15_x86_64.whl", hash = "sha256:c26608d2222fb1e94487e4a387d85f13eb55d5ed725cb25a0c589ac4ee60e7bc", size = 188464, upload-time = "2026-08-03T21:21:01.163Z" },
    { url = "https://files.pythonhosted.org/packages/7e/ae/a56fa8c4686ad50e148fcbc8d3ae0d03915ff5c30d795058988c24118cef/cffi-2.1.1-cp315-cp315t-macosx_11_0_arm64.whl", hash = "sha256:4be96343e422f2dfcd12ab5c9f5aebe03f82f737c6bffeca6830b3875cb44aab", size = 188262, upload-time = "2026-08-03T21:21:02.382Z" },
    { url = "https://files.pythonhosted.org/packages/53/b2/6187f46f2912276a3ae284076109cc5c8680482f11f766ccf26db4a86427/cffi-2.1.1-cp315-cp315t-manylinux2014_aarch64.manylinux_2_17_aarch64.whl", hash = "sha256:937c0052c05a31ca1daf18de3158eed4dbfcb9cc107adbea227728d647be701e", size = 223779, upload-time = "2026-08-03T21:21:03.553Z" },
    { url = "https://files.pythonhosted.org/packages/8a/f6/c3ad28bd19f77047a03084424fbd4cbe997303267c14423737324be0385d/cffi-2.1.1-cp315-cp315t-manylinux2014_ppc64le.manylinux_2_17_ppc64le.whl", hash = "sha256:df423d40ee8654634421812bc3b196da3f9bd7d32929da813f8394c4348a5358", size = 211520, upload-time = "2026-08-03T21:21:04.863Z" },
    { url = "https://files.pythonhosted.org/packages/a0/cd/ccac9013a5bd9fd764de118674ab9c805b5ca10c19270d90ee273f8b2240/cffi-2.1.1-cp315-cp315t-manylinux2014_s390x.manylinux_2_17_s390x.whl", hash = "sha256:a730a083190634c65cca36ba5f489531576ebd79bcd5c8e172130f6453127231", size = 210673, upload-time = "2026-08-03T21:21:06.223Z" },
    { url = "https://files.pythonhosted.org/packages/52/86/2976131c639aead931c5bee5aba67e4b09fbeb8018b6f282f70803f923a7/cffi-2.1.1-cp315-cp315t-manylinux2014_x86_64.manylinux_2_17_x86_64.whl", hash = "sha256:363e05fa78e15116c3c32c210ee36884fd6b9afa6d440e47112c3bd511d64cb6", size = 223835, upload-time = "2026-08-03T21:21:07.539Z" },
    { url = "https://files.pythonhosted.org/packages/ac/0c/33a7aeab2f9c76918c52e084beb39c570db3588133412929e8ec06fab90b/cffi-2.1.1-cp315-cp315t-musllinux_1_2_aarch64.whl", hash = "sha256:770de9db11e84213beec501cfcaa013b019820ca881e03344dea5844f7876d94", size = 226705, upload-time = "2026-08-03T21:21:08.774Z" },
    { url = "https://files.pythonhosted.org/packages/e3/26/2cde30fdde421130bfc18f70395731a6e6b2053c6a1978a5258ff04e72fa/cffi-2.1.1-cp315-cp315t-musllinux_1_2_x86_64.whl", hash = "sha256:7da0c5eff80f0197f3b3d1232ec5a682a9325f4ae9016a78f5f5ca35f9ced1f5", size = 225539, upload-time = "2026-08-03T21:21:09.911Z" },
    { url = "https://files.pythonhosted.org/packages/6d/cd/a361394c94b2129d604bb846f624a8e88255a3ee33129c434a00d715e64f/cffi-2.1.1-cp315-cp315t-win32.whl", hash = "sha256:06c72bb76605a4b0cd0aad6930b69d4baf7dd5d806cfc409b824191099700e66", size = 182707, upload-time = "2026-08-03T21:21:11.226Z" },
    { url = "https://files.pythonhosted.org/packages/9b/b5/ba2b299993c26577d529b6ae29841f9e15b9fcf004d65f423f4fcf94ade9/cffi-2.1.1-cp315-cp315t-win_amd64.whl", hash = "sha256:d9c275eaacd24aa73f94ffd6de08fc3f932424d8b6c376f4bed7cde376fe7bc3", size = 193772, upload-time = "2026-08-03T21:21:12.39Z" },
    { url = "https://files.pythonhosted.org/packages/aa/29/35e016098c814cd93de9cd320c66b5bfba14dc6ecedd3cb518fa7c408c69/cffi-2.1.1-cp315-cp315t-win_arm64.whl", hash = "sha256:d18e5ac0f2f03f4f518d3e23db0f0cad7faa1da8620e9c09461d443bbf6e6692", size = 186360, upload-time = "2026-08-03T21:21:13.636Z" },
]

[[package]]
name = "colorama"
version = "0.4.6"
source = { registry = "https://pypi.org/simple" }
sdist = { url = "https://files.pythonhosted.org/packages/d8/53/6f443c9a4a8358a93a6792e2acffb9d9d5cb0a5cfd8802644b7b1c9a02e4/colorama-0.4.6.tar.gz", hash = "sha256:08695f5cb7ed6e0531a20572697297273c47b8cae5a63ffc6d6ed5c201be6e44", size = 27697, upload-time = "2022-10-25T02:36:22.414Z" }
wheels = [
    { url = "https://files.pythonhosted.org/packages/d1/d6/3965ed04c63042e047cb6a3e6ed1a63a35087b6a609aa3a15ed8ac56c221/colorama-0.4.6-py2.py3-none-any.whl", hash = "sha256:4f1d9991f5acc0ca119f9d443620b77f9d6b33703e51011c16baf57afb285fc6", size = 25335, upload-time = "2022-10-25T02:36:20.889Z" },
]

[[package]]
name = "cryptography"
version = "44.0.3"
source = { registry = "https://pypi.org/simple" }
dependencies = [
    { name = "cffi", marker = "platform_python_implementation != 'PyPy'" },
]
sdist = { url = "https://files.pythonhosted.org/packages/53/d6/1411ab4d6108ab167d06254c5be517681f1e331f90edf1379895bcb87020/cryptography-44.0.3.tar.gz", hash = "sha256:fe19d8bc5536a91a24a8133328880a41831b6c5df54599a8417b62fe015d3053", size = 711096, upload-time = "2025-05-02T19:36:04.667Z" }
wheels = [
    { url = "https://files.pythonhosted.org/packages/08/53/c776d80e9d26441bb3868457909b4e74dd9ccabd182e10b2b0ae7a07e265/cryptography-44.0.3-cp37-abi3-macosx_10_9_universal2.whl", hash = "sha256:962bc30480a08d133e631e8dfd4783ab71cc9e33d5d7c1e192f0b7c06397bb88", size = 6670281, upload-time = "2025-05-02T19:34:50.665Z" },
    { url = "https://files.pythonhosted.org/packages/6a/06/af2cf8d56ef87c77319e9086601bef621bedf40f6f59069e1b6d1ec498c5/cryptography-44.0.3-cp37-abi3-manylinux_2_17_aarch64.manylinux2014_aarch64.whl", hash = "sha256:4ffc61e8f3bf5b60346d89cd3d37231019c17a081208dfbbd6e1605ba03fa137", size = 3959305, upload-time = "2025-05-02T19:34:53.042Z" },
    { url = "https://files.pythonhosted.org/packages/ae/01/80de3bec64627207d030f47bf3536889efee8913cd363e78ca9a09b13c8e/cryptography-44.0.3-cp37-abi3-manylinux_2_17_x86_64.manylinux2014_x86_64.whl", hash = "sha256:58968d331425a6f9eedcee087f77fd3c927c88f55368f43ff7e0a19891f2642c", size = 4171040, upload-time = "2025-05-02T19:34:54.675Z" },
    { url = "https://files.pythonhosted.org/packages/bd/48/bb16b7541d207a19d9ae8b541c70037a05e473ddc72ccb1386524d4f023c/cryptography-44.0.3-cp37-abi3-manylinux_2_28_aarch64.whl", hash = "sha256:e28d62e59a4dbd1d22e747f57d4f00c459af22181f0b2f787ea83f5a876d7c76", size = 3963411, upload-time = "2025-05-02T19:34:56.61Z" },
    { url = "https://files.pythonhosted.org/packages/42/b2/7d31f2af5591d217d71d37d044ef5412945a8a8e98d5a2a8ae4fd9cd4489/cryptography-44.0.3-cp37-abi3-manylinux_2_28_armv7l.manylinux_2_31_armv7l.whl", hash = "sha256:af653022a0c25ef2e3ffb2c673a50e5a0d02fecc41608f4954176f1933b12359", size = 3689263, upload-time = "2025-05-02T19:34:58.591Z" },
    { url = "https://files.pythonhosted.org/packages/25/50/c0dfb9d87ae88ccc01aad8eb93e23cfbcea6a6a106a9b63a7b14c1f93c75/cryptography-44.0.3-cp37-abi3-manylinux_2_28_x86_64.whl", hash = "sha256:157f1f3b8d941c2bd8f3ffee0af9b049c9665c39d3da9db2dc338feca5e98a43", size = 4196198, upload-time = "2025-05-02T19:35:00.988Z" },
    { url = "https://files.pythonhosted.org/packages/66/c9/55c6b8794a74da652690c898cb43906310a3e4e4f6ee0b5f8b3b3e70c441/cryptography-44.0.3-cp37-abi3-manylinux_2_34_aarch64.whl", hash = "sha256:c6cd67722619e4d55fdb42ead64ed8843d64638e9c07f4011163e46bc512cf01", size = 3966502, upload-time = "2025-05-02T19:35:03.091Z" },
    { url = "https://files.pythonhosted.org/packages/b6/f7/7cb5488c682ca59a02a32ec5f975074084db4c983f849d47b7b67cc8697a/cryptography-44.0.3-cp37-abi3-manylinux_2_34_x86_64.whl", hash = "sha256:b424563394c369a804ecbee9b06dfb34997f19d00b3518e39f83a5642618397d", size = 4196173, upload-time = "2025-05-02T19:35:05.018Z" },
    { url = "https://files.pythonhosted.org/packages/d2/0b/2f789a8403ae089b0b121f8f54f4a3e5228df756e2146efdf4a09a3d5083/cryptography-44.0.3-cp37-abi3-musllinux_1_2_aarch64.whl", hash = "sha256:c91fc8e8fd78af553f98bc7f2a1d8db977334e4eea302a4bfd75b9461c2d8904", size = 4087713, upload-time = "2025-05-02T19:35:07.187Z" },
    { url = "https://files.pythonhosted.org/packages/1d/aa/330c13655f1af398fc154089295cf259252f0ba5df93b4bc9d9c7d7f843e/cryptography-44.0.3-cp37-abi3-musllinux_1_2_x86_64.whl", hash = "sha256:25cd194c39fa5a0aa4169125ee27d1172097857b27109a45fadc59653ec06f44", size = 4299064, upload-time = "2025-05-02T19:35:08.879Z" },
    { url = "https://files.pythonhosted.org/packages/10/a8/8c540a421b44fd267a7d58a1fd5f072a552d72204a3f08194f98889de76d/cryptography-44.0.3-cp37-abi3-win32.whl", hash = "sha256:3be3f649d91cb182c3a6bd336de8b61a0a71965bd13d1a04a0e15b39c3d5809d", size = 2773887, upload-time = "2025-05-02T19:35:10.41Z" },
    { url = "https://files.pythonhosted.org/packages/b9/0d/c4b1657c39ead18d76bbd122da86bd95bdc4095413460d09544000a17d56/cryptography-44.0.3-cp37-abi3-win_amd64.whl", hash = "sha256:3883076d5c4cc56dbef0b898a74eb6992fdac29a7b9013870b34efe4ddb39a0d", size = 3209737, upload-time = "2025-05-02T19:35:12.12Z" },
    { url = "https://files.pythonhosted.org/packages/34/a3/ad08e0bcc34ad436013458d7528e83ac29910943cea42ad7dd4141a27bbb/cryptography-44.0.3-cp39-abi3-macosx_10_9_universal2.whl", hash = "sha256:5639c2b16764c6f76eedf722dbad9a0914960d3489c0cc38694ddf9464f1bb2f", size = 6673501, upload-time = "2025-05-02T19:35:13.775Z" },
    { url = "https://files.pythonhosted.org/packages/b1/f0/7491d44bba8d28b464a5bc8cc709f25a51e3eac54c0a4444cf2473a57c37/cryptography-44.0.3-cp39-abi3-manylinux_2_17_aarch64.manylinux2014_aarch64.whl", hash = "sha256:f3ffef566ac88f75967d7abd852ed5f182da252d23fac11b4766da3957766759", size = 3960307, upload-time = "2025-05-02T19:35:15.917Z" },
    { url = "https://files.pythonhosted.org/packages/f7/c8/e5c5d0e1364d3346a5747cdcd7ecbb23ca87e6dea4f942a44e88be349f06/cryptography-44.0.3-cp39-abi3-manylinux_2_17_x86_64.manylinux2014_x86_64.whl", hash = "sha256:192ed30fac1728f7587c6f4613c29c584abdc565d7417c13904708db10206645", size = 4170876, upload-time = "2025-05-02T19:35:18.138Z" },
    { url = "https://files.pythonhosted.org/packages/73/96/025cb26fc351d8c7d3a1c44e20cf9a01e9f7cf740353c9c7a17072e4b264/cryptography-44.0.3-cp39-abi3-manylinux_2_28_aarch64.whl", hash = "sha256:7d5fe7195c27c32a64955740b949070f21cba664604291c298518d2e255931d2", size = 3964127, upload-time = "2025-05-02T19:35:19.864Z" },
    { url = "https://files.pythonhosted.org/packages/01/44/eb6522db7d9f84e8833ba3bf63313f8e257729cf3a8917379473fcfd6601/cryptography-44.0.3-cp39-abi3-manylinux_2_28_armv7l.manylinux_2_31_armv7l.whl", hash = "sha256:3f07943aa4d7dad689e3bb1638ddc4944cc5e0921e3c227486daae0e31a05e54", size = 3689164, upload-time = "2025-05-02T19:35:21.449Z" },
    { url = "https://files.pythonhosted.org/packages/68/fb/d61a4defd0d6cee20b1b8a1ea8f5e25007e26aeb413ca53835f0cae2bcd1/cryptography-44.0.3-cp39-abi3-manylinux_2_28_x86_64.whl", hash = "sha256:cb90f60e03d563ca2445099edf605c16ed1d5b15182d21831f58460c48bffb93", size = 4198081, upload-time = "2025-05-02T19:35:23.187Z" },
    { url = "https://files.pythonhosted.org/packages/1b/50/457f6911d36432a8811c3ab8bd5a6090e8d18ce655c22820994913dd06ea/cryptography-44.0.3-cp39-abi3-manylinux_2_34_aarch64.whl", hash = "sha256:ab0b005721cc0039e885ac3503825661bd9810b15d4f374e473f8c89b7d5460c", size = 3967716, upload-time = "2025-05-02T19:35:25.426Z" },
    { url = "https://files.pythonhosted.org/packages/35/6e/dca39d553075980ccb631955c47b93d87d27f3596da8d48b1ae81463d915/cryptography-44.0.3-cp39-abi3-manylinux_2_34_x86_64.whl", hash = "sha256:3bb0847e6363c037df8f6ede57d88eaf3410ca2267fb12275370a76f85786a6f", size = 4197398, upload-time = "2025-05-02T19:35:27.678Z" },
    { url = "https://files.pythonhosted.org/packages/9b/9d/d1f2fe681eabc682067c66a74addd46c887ebacf39038ba01f8860338d3d/cryptography-44.0.3-cp39-abi3-musllinux_1_2_aarch64.whl", hash = "sha256:b0cc66c74c797e1db750aaa842ad5b8b78e14805a9b5d1348dc603612d3e3ff5", size = 4087900, upload-time = "2025-05-02T19:35:29.312Z" },
    { url = "https://files.pythonhosted.org/packages/c4/f5/3599e48c5464580b73b236aafb20973b953cd2e7b44c7c2533de1d888446/cryptography-44.0.3-cp39-abi3-musllinux_1_2_x86_64.whl", hash = "sha256:6866df152b581f9429020320e5eb9794c8780e90f7ccb021940d7f50ee00ae0b", size = 4301067, upload-time = "2025-05-02T19:35:31.547Z" },
    { url = "https://files.pythonhosted.org/packages/a7/6c/d2c48c8137eb39d0c193274db5c04a75dab20d2f7c3f81a7dcc3a8897701/cryptography-44.0.3-cp39-abi3-win32.whl", hash = "sha256:c138abae3a12a94c75c10499f1cbae81294a6f983b3af066390adee73f433028", size = 2775467, upload-time = "2025-05-02T19:35:33.805Z" },
    { url = "https://files.pythonhosted.org/packages/c9/ad/51f212198681ea7b0deaaf8846ee10af99fba4e894f67b353524eab2bbe5/cryptography-44.0.3-cp39-abi3-win_amd64.whl", hash = "sha256:5d186f32e52e66994dce4f766884bcb9c68b8da62d61d9d215bfe5fb56d21334", size = 3210375, upload-time = "2025-05-02T19:35:35.369Z" },
]

[[package]]
name = "dynaconf"
version = "3.3.5"
source = { registry = "https://pypi.org/simple" }
sdist = { url = "https://files.pythonhosted.org/packages/71/e4/723ba469856bb493c948985e5bd562c8a65f2b93e70c896e9764ab76de00/dynaconf-3.3.5.tar.gz", hash = "sha256:a08f6ab44025034ef3c9f86b32548ab01efd4039094a74bd9f028a43c63d016f", size = 333426, upload-time = "2026-08-05T19:50:25.16Z" }
wheels = [
    { url = "https://files.pythonhosted.org/packages/95/41/b38501c34c40c3261868a2af8ed5fffe3e6d889c680638708de27eb57788/dynaconf-3.3.5-py3-none-any.whl", hash = "sha256:b3b4a753d5c866fc85466b65fc58d4954f6ed7dc8aa67f2b15bcbfd85d184687", size = 271426, upload-time = "2026-08-05T19:50:23.802Z" },
]

[[package]]
name = "execnet"
version = "2.1.2"
source = { registry = "https://pypi.org/simple" }
sdist = { url = "https://files.pythonhosted.org/packages/bf/89/780e11f9588d9e7128a3f87788354c7946a9cbb1401ad38a48c4db9a4f07/execnet-2.1.2.tar.gz", hash = "sha256:63d83bfdd9a23e35b9c6a3261412324f964c2ec8dcd8d3c6916ee9373e0befcd", size = 166622, upload-time = "2025-11-12T09:56:37.75Z" }
wheels = [
    { url = "https://files.pythonhosted.org/packages/ab/84/02fc1827e8cdded4aa65baef11296a9bbe595c474f0d6d758af082d849fd/execnet-2.1.2-py3-none-any.whl", hash = "sha256:67fba928dd5a544b783f6056f449e5e3931a5c378b128bc18501f7ea79e296ec", size = 40708, upload-time = "2025-11-12T09:56:36.333Z" },
]

[[package]]
name = "h11"
version = "0.16.0"
source = { registry = "https://pypi.org/simple" }
sdist = { url = "https://files.pythonhosted.org/packages/01/ee/02a2c011bdab74c6fb3c75474d40b3052059d95df7e73351460c8588d963/h11-0.16.0.tar.gz", hash = "sha256:4e35b956cf45792e4caa5885e69fba00bdbc6ffafbfa020300e549b208ee5ff1", size = 101250, upload-time = "2025-04-24T03:35:25.427Z" }
wheels = [
    { url = "https://files.pythonhosted.org/packages/04/4b/29cac41a4d98d144bf5f6d33995617b185d14b22401f75ca86f384e87ff1/h11-0.16.0-py3-none-any.whl", hash = "sha256:63cf8bbe7522de3bf65932fda1d9c2772064ffb3dae62d55932da54b31cb6c86", size = 37515, upload-time = "2025-04-24T03:35:24.344Z" },
]

[[package]]
name = "httpcore"
version = "1.0.9"
source = { registry = "https://pypi.org/simple" }
dependencies = [
    { name = "certifi" },
    { name = "h11" },
]
sdist = { url = "https://files.pythonhosted.org/packages/06/94/82699a10bca87a5556c9c59b5963f2d039dbd239f25bc2a63907a05a14cb/httpcore-1.0.9.tar.gz", hash = "sha256:6e34463af53fd2ab5d807f399a9b45ea31c3dfa2276f15a2c3f00afff6e176e8", size = 85484, upload-time = "2025-04-24T22:06:22.219Z" }
wheels = [
    { url = "https://files.pythonhosted.org/packages/7e/f5/f66802a942d491edb555dd61e3a9961140fd64c90bce1eafd741609d334d/httpcore-1.0.9-py3-none-any.whl", hash = "sha256:2d400746a40668fc9dec9810239072b40b4484b640a8c38fd654a024c7a1bf55", size = 78784, upload-time = "2025-04-24T22:06:20.566Z" },
]

[[package]]
name = "httpx"
version = "0.28.1"
source = { registry = "https://pypi.org/simple" }
dependencies = [
    { name = "anyio" },
    { name = "certifi" },
    { name = "httpcore" },
    { name = "idna" },
]
sdist = { url = "https://files.pythonhosted.org/packages/b1/df/48c586a5fe32a0f01324ee087459e112ebb7224f646c0b5023f5e79e9956/httpx-0.28.1.tar.gz", hash = "sha256:75e98c5f16b0f35b567856f597f06ff2270a374470a5c2392242528e3e3e42fc", size = 141406, upload-time = "2024-12-06T15:37:23.222Z" }
wheels = [
    { url = "https://files.pythonhosted.org/packages/2a/39/e50c7c3a983047577ee07d2a9e53faf5a69493943ec3f6a384bdc792deb2/httpx-0.28.1-py3-none-any.whl", hash = "sha256:d909fcccc110f8c7faf814ca82a9a4d816bc5a6dbfea25d6591d6985b8ba59ad", size = 73517, upload-time = "2024-12-06T15:37:21.509Z" },
]

[[package]]
name = "idna"
version = "3.19"
source = { registry = "https://pypi.org/simple" }
sdist = { url = "https://files.pythonhosted.org/packages/5f/f7/abb373e5757eaec4b922b92f97ec8d6d7e057cf06778247604fbc4e7c3f3/idna-3.19.tar.gz", hash = "sha256:5e0811a4383b21dc5838069f801c4fb62113b7447663d2530d2bd6e77b49bf15", size = 215237, upload-time = "2026-08-18T05:14:24.27Z" }
wheels = [
    { url = "https://files.pythonhosted.org/packages/57/b0/0e52c878c53f245edd3a11020f20979b3f490f245af532c7cae3027754b5/idna-3.19-py3-none-any.whl", hash = "sha256:815e7be7a7806d54abb586dc943addc79e8b2ee16915059658cbeff4b1b43bf4", size = 68550, upload-time = "2026-08-18T05:14:22.343Z" },
]

[[package]]
name = "iniconfig"
version = "2.3.0"
source = { registry = "https://pypi.org/simple" }
sdist = { url = "https://files.pythonhosted.org/packages/72/34/14ca021ce8e5dfedc35312d08ba8bf51fdd999c576889fc2c24cb97f4f10/iniconfig-2.3.0.tar.gz", hash = "sha256:c76315c77db068650d49c5b56314774a7804df16fee4402c1f19d6d15d8c4730", size = 20503, upload-time = "2025-10-18T21:55:43.219Z" }
wheels = [
    { url = "https://files.pythonhosted.org/packages/cb/b1/3846dd7f199d53cb17f49cba7e651e9ce294d8497c8c150530ed11865bb8/iniconfig-2.3.0-py3-none-any.whl", hash = "sha256:f631c04d2c48c52b84d0d0549c99ff3859c98df65b3101406327ecc7d53fbf12", size = 7484, upload-time = "2025-10-18T21:55:41.639Z" },
]

[[package]]
name = "packaging"
version = "26.3"
source = { registry = "https://pypi.org/simple" }
sdist = { url = "https://files.pythonhosted.org/packages/7d/fa/3944b40b07da9ce895c0e6303a5ab7d53da063554f534556b134a54d6093/packaging-26.3.tar.gz", hash = "sha256:94edc256424af38762eb31306eed28beb9f0efc50a8837492c9d6fd6004aed79", size = 313412, upload-time = "2026-08-04T18:15:28.737Z" }
wheels = [
    { url = "https://files.pythonhosted.org/packages/63/34/ba1c580383c9eada3711951fef0795c80b829a078d72188184bcab9dd527/packaging-26.3-py3-none-any.whl", hash = "sha256:d7193f7c8e4e93f444fde0262bf90af30e16fa0ad0ad44cb553c87339b23cd1c", size = 129956, upload-time = "2026-08-04T18:15:27.159Z" },
]

[[package]]
name = "pluggy"
version = "1.6.0"
source = { registry = "https://pypi.org/simple" }
sdist = { url = "https://files.pythonhosted.org/packages/f9/e2/3e91f31a7d2b083fe6ef3fa267035b518369d9511ffab804f839851d2779/pluggy-1.6.0.tar.gz", hash = "sha256:7dcc130b76258d33b90f61b658791dede3486c3e6bfb003ee5c9bfb396dd22f3", size = 69412, upload-time = "2025-05-15T12:30:07.975Z" }
wheels = [
    { url = "https://files.pythonhosted.org/packages/54/20/4d324d65cc6d9205fabedc306948156824eb9f0ee1633355a8f7ec5c66bf/pluggy-1.6.0-py3-none-any.whl", hash = "sha256:e920276dd6813095e9377c0bc5566d94c932c33b27a3e3945d8389c374dd4746", size = 20538, upload-time = "2025-05-15T12:30:06.134Z" },
]

[[package]]
name = "pycparser"
version = "3.0"
source = { registry = "https://pypi.org/simple" }
sdist = { url = "https://files.pythonhosted.org/packages/1b/7d/92392ff7815c21062bea51aa7b87d45576f649f16458d78b7cf94b9ab2e6/pycparser-3.0.tar.gz", hash = "sha256:600f49d217304a5902ac3c37e1281c9fe94e4d0489de643a9504c5cdfdfc6b29", size = 103492, upload-time = "2026-01-21T14:26:51.89Z" }
wheels = [
    { url = "https://files.pythonhosted.org/packages/0c/c3/44f3fbbfa403ea2a7c779186dc20772604442dde72947e7d01069cbe98e3/pycparser-3.0-py3-none-any.whl", hash = "sha256:b727414169a36b7d524c1c3e31839a521725078d7b2ff038656844266160a992", size = 48172, upload-time = "2026-01-21T14:26:50.693Z" },
]

[[package]]
name = "pygments"
version = "2.21.0"
source = { registry = "https://pypi.org/simple" }
sdist = { url = "https://files.pythonhosted.org/packages/49/2e/ced460408999b33da6b31b0021b0f37d329e202d4169aeb164493778f25b/pygments-2.21.0.tar.gz", hash = "sha256:610ca751c9bc2492b38eb9a38a7fbc93edbbb2d7182edaf34e66ae493dee5c8c", size = 5005329, upload-time = "2026-08-17T08:02:48.824Z" }
wheels = [
    { url = "https://files.pythonhosted.org/packages/71/46/17f022dd3e953bf20a04a028a21ec746d942f8d2af30fa0f124fa0e6a684/pygments-2.21.0-py3-none-any.whl", hash = "sha256:2363c69b61c4a97c838da3b130dcd6468f4848992b21a82f2a63ec34377137d9", size = 1250147, upload-time = "2026-08-17T08:02:44.912Z" },
]

[[package]]
name = "pytest"
version = "9.1.1"
source = { registry = "https://pypi.org/simple" }
dependencies = [
    { name = "colorama", marker = "sys_platform == 'win32'" },
    { name = "iniconfig" },
    { name = "packaging" },
    { name = "pluggy" },
    { name = "pygments" },
]
sdist = { url = "https://files.pythonhosted.org/packages/e4/47/b9efed96c114afcfa3c9d3fe98a76a1d14c74a9e266d397cf6eb64be5e01/pytest-9.1.1.tar.gz", hash = "sha256:1088fbde8f2b49d95a549a195707afa7a76a3ce9bcadc26b6d71f0ffda5fe313", size = 1636369, upload-time = "2026-06-19T10:58:32.857Z" }
wheels = [
    { url = "https://files.pythonhosted.org/packages/24/25/1de2678b631f5a49215c6c96fff41ba892b0a34df68d6d80292b1b48aa7f/pytest-9.1.1-py3-none-any.whl", hash = "sha256:37a86b45efb9a47a61a36449063e8e18d0cab3161329fc099eb21783169c4f0c", size = 386536, upload-time = "2026-06-19T10:58:31.347Z" },
]

[[package]]
name = "pytest-timeout"
version = "2.4.0"
source = { registry = "https://pypi.org/simple" }
dependencies = [
    { name = "pytest" },
]
sdist = { url = "https://files.pythonhosted.org/packages/ac/82/4c9ecabab13363e72d880f2fb504c5f750433b2b6f16e99f4ec21ada284c/pytest_timeout-2.4.0.tar.gz", hash = "sha256:7e68e90b01f9eff71332b25001f85c75495fc4e3a836701876183c4bcfd0540a", size = 17973, upload-time = "2025-05-05T19:44:34.99Z" }
wheels = [
    { url = "https://files.pythonhosted.org/packages/fa/b6/3127540ecdf1464a00e5a01ee60a1b09175f6913f0644ac748494d9c4b21/pytest_timeout-2.4.0-py3-none-any.whl", hash = "sha256:c42667e5cdadb151aeb5b26d114aff6bdf5a907f176a007a30b940d3d865b5c2", size = 14382, upload-time = "2025-05-05T19:44:33.502Z" },
]

[[package]]
name = "pytest-xdist"
version = "3.8.0"
source = { registry = "https://pypi.org/simple" }
dependencies = [
    { name = "execnet" },
    { name = "pytest" },
]
sdist = { url = "https://files.pythonhosted.org/packages/78/b4/439b179d1ff526791eb921115fca8e44e596a13efeda518b9d845a619450/pytest_xdist-3.8.0.tar.gz", hash = "sha256:7e578125ec9bc6050861aa93f2d59f1d8d085595d6551c2c90b6f4fad8d3a9f1", size = 88069, upload-time = "2025-07-01T13:30:59.346Z" }
wheels = [
    { url = "https://files.pythonhosted.org/packages/ca/31/d4e37e9e550c2b92a9cbc2e4d0b7420a27224968580b5a447f420847c975/pytest_xdist-3.8.0-py3-none-any.whl", hash = "sha256:202ca578cfeb7370784a8c33d6d05bc6e13b4f25b5053c30a152269fd10f0b88", size = 46396, upload-time = "2025-07-01T13:30:56.632Z" },
]

[[package]]
name = "pyyaml"
version = "6.0.3"
source = { registry = "https://pypi.org/simple" }
sdist = { url = "https://files.pythonhosted.org/packages/05/8e/961c0007c59b8dd7729d542c61a4d537767a59645b82a0b521206e1e25c2/pyyaml-6.0.3.tar.gz", hash = "sha256:d76623373421df22fb4cf8817020cbb7ef15c725b9d5e45f17e189bfc384190f", size = 130960, upload-time = "2025-09-25T21:33:16.546Z" }
wheels = [
    { url = "https://files.pythonhosted.org/packages/9d/8c/f4bd7f6465179953d3ac9bc44ac1a8a3e6122cf8ada906b4f96c60172d43/pyyaml-6.0.3-cp314-cp314-macosx_10_13_x86_64.whl", hash = "sha256:8d1fab6bb153a416f9aeb4b8763bc0f22a5586065f86f7664fc23339fc1c1fac", size = 181814, upload-time = "2025-09-25T21:32:35.712Z" },
    { url = "https://files.pythonhosted.org/packages/bd/9c/4d95bb87eb2063d20db7b60faa3840c1b18025517ae857371c4dd55a6b3a/pyyaml-6.0.3-cp314-cp314-macosx_11_0_arm64.whl", hash = "sha256:34d5fcd24b8445fadc33f9cf348c1047101756fd760b4dacb5c3e99755703310", size = 173809, upload-time = "2025-09-25T21:32:36.789Z" },
    { url = "https://files.pythonhosted.org/packages/92/b5/47e807c2623074914e29dabd16cbbdd4bf5e9b2db9f8090fa64411fc5382/pyyaml-6.0.3-cp314-cp314-manylinux2014_aarch64.manylinux_2_17_aarch64.manylinux_2_28_aarch64.whl", hash = "sha256:501a031947e3a9025ed4405a168e6ef5ae3126c59f90ce0cd6f2bfc477be31b7", size = 766454, upload-time = "2025-09-25T21:32:37.966Z" },
    { url = "https://files.pythonhosted.org/packages/02/9e/e5e9b168be58564121efb3de6859c452fccde0ab093d8438905899a3a483/pyyaml-6.0.3-cp314-cp314-manylinux2014_s390x.manylinux_2_17_s390x.manylinux_2_28_s390x.whl", hash = "sha256:b3bc83488de33889877a0f2543ade9f70c67d66d9ebb4ac959502e12de895788", size = 836355, upload-time = "2025-09-25T21:32:39.178Z" },
    { url = "https://files.pythonhosted.org/packages/88/f9/16491d7ed2a919954993e48aa941b200f38040928474c9e85ea9e64222c3/pyyaml-6.0.3-cp314-cp314-manylinux2014_x86_64.manylinux_2_17_x86_64.manylinux_2_28_x86_64.whl", hash = "sha256:c458b6d084f9b935061bc36216e8a69a7e293a2f1e68bf956dcd9e6cbcd143f5", size = 794175, upload-time = "2025-09-25T21:32:40.865Z" },
    { url = "https://files.pythonhosted.org/packages/dd/3f/5989debef34dc6397317802b527dbbafb2b4760878a53d4166579111411e/pyyaml-6.0.3-cp314-cp314-musllinux_1_2_aarch64.whl", hash = "sha256:7c6610def4f163542a622a73fb39f534f8c101d690126992300bf3207eab9764", size = 755228, upload-time = "2025-09-25T21:32:42.084Z" },
    { url = "https://files.pythonhosted.org/packages/d7/ce/af88a49043cd2e265be63d083fc75b27b6ed062f5f9fd6cdc223ad62f03e/pyyaml-6.0.3-cp314-cp314-musllinux_1_2_x86_64.whl", hash = "sha256:5190d403f121660ce8d1d2c1bb2ef1bd05b5f68533fc5c2ea899bd15f4399b35", size = 789194, upload-time = "2025-09-25T21:32:43.362Z" },
    { url = "https://files.pythonhosted.org/packages/23/20/bb6982b26a40bb43951265ba29d4c246ef0ff59c9fdcdf0ed04e0687de4d/pyyaml-6.0.3-cp314-cp314-win_amd64.whl", hash = "sha256:4a2e8cebe2ff6ab7d1050ecd59c25d4c8bd7e6f400f5f82b96557ac0abafd0ac", size = 156429, upload-time = "2025-09-25T21:32:57.844Z" },
    { url = "https://files.pythonhosted.org/packages/f4/f4/a4541072bb9422c8a883ab55255f918fa378ecf083f5b85e87fc2b4eda1b/pyyaml-6.0.3-cp314-cp314-win_arm64.whl", hash = "sha256:93dda82c9c22deb0a405ea4dc5f2d0cda384168e466364dec6255b293923b2f3", size = 143912, upload-time = "2025-09-25T21:32:59.247Z" },
    { url = "https://files.pythonhosted.org/packages/7c/f9/07dd09ae774e4616edf6cda684ee78f97777bdd15847253637a6f052a62f/pyyaml-6.0.3-cp314-cp314t-macosx_10_13_x86_64.whl", hash = "sha256:02893d100e99e03eda1c8fd5c441d8c60103fd175728e23e431db1b589cf5ab3", size = 189108, upload-time = "2025-09-25T21:32:44.377Z" },
    { url = "https://files.pythonhosted.org/packages/4e/78/8d08c9fb7ce09ad8c38ad533c1191cf27f7ae1effe5bb9400a46d9437fcf/pyyaml-6.0.3-cp314-cp314t-macosx_11_0_arm64.whl", hash = "sha256:c1ff362665ae507275af2853520967820d9124984e0f7466736aea23d8611fba", size = 183641, upload-time = "2025-09-25T21:32:45.407Z" },
    { url = "https://files.pythonhosted.org/packages/7b/5b/3babb19104a46945cf816d047db2788bcaf8c94527a805610b0289a01c6b/pyyaml-6.0.3-cp314-cp314t-manylinux2014_aarch64.manylinux_2_17_aarch64.manylinux_2_28_aarch64.whl", hash = "sha256:6adc77889b628398debc7b65c073bcb99c4a0237b248cacaf3fe8a557563ef6c", size = 831901, upload-time = "2025-09-25T21:32:48.83Z" },
    { url = "https://files.pythonhosted.org/packages/8b/cc/dff0684d8dc44da4d22a13f35f073d558c268780ce3c6ba1b87055bb0b87/pyyaml-6.0.3-cp314-cp314t-manylinux2014_s390x.manylinux_2_17_s390x.manylinux_2_28_s390x.whl", hash = "sha256:a80cb027f6b349846a3bf6d73b5e95e782175e52f22108cfa17876aaeff93702", size = 861132, upload-time = "2025-09-25T21:32:50.149Z" },
    { url = "https://files.pythonhosted.org/packages/b1/5e/f77dc6b9036943e285ba76b49e118d9ea929885becb0a29ba8a7c75e29fe/pyyaml-6.0.3-cp314-cp314t-manylinux2014_x86_64.manylinux_2_17_x86_64.manylinux_2_28_x86_64.whl", hash = "sha256:00c4bdeba853cc34e7dd471f16b4114f4162dc03e6b7afcc2128711f0eca823c", size = 839261, upload-time = "2025-09-25T21:32:51.808Z" },
    { url = "https://files.pythonhosted.org/packages/ce/88/a9db1376aa2a228197c58b37302f284b5617f56a5d959fd1763fb1675ce6/pyyaml-6.0.3-cp314-cp314t-musllinux_1_2_aarch64.whl", hash = "sha256:66e1674c3ef6f541c35191caae2d429b967b99e02040f5ba928632d9a7f0f065", size = 805272, upload-time = "2025-09-25T21:32:52.941Z" },
    { url = "https://files.pythonhosted.org/packages/da/92/1446574745d74df0c92e6aa4a7b0b3130706a4142b2d1a5869f2eaa423c6/pyyaml-6.0.3-cp314-cp314t-musllinux_1_2_x86_64.whl", hash = "sha256:16249ee61e95f858e83976573de0f5b2893b3677ba71c9dd36b9cf8be9ac6d65", size = 829923, upload-time = "2025-09-25T21:32:54.537Z" },
    { url = "https://files.pythonhosted.org/packages/f0/7a/1c7270340330e575b92f397352af856a8c06f230aa3e76f86b39d01b416a/pyyaml-6.0.3-cp314-cp314t-win_amd64.whl", hash = "sha256:4ad1906908f2f5ae4e5a8ddfce73c320c2a1429ec52eafd27138b7f1cbe341c9", size = 174062, upload-time = "2025-09-25T21:32:55.767Z" },
    { url = "https://files.pythonhosted.org/packages/f1/12/de94a39c2ef588c7e6455cfbe7343d3b2dc9d6b6b2f40c4c6565744c873d/pyyaml-6.0.3-cp314-cp314t-win_arm64.whl", hash = "sha256:ebc55a14a21cb14062aa4162f906cd962b28e2e9ea38f9b4391244cd8de4ae0b", size = 149341, upload-time = "2025-09-25T21:32:56.828Z" },
]

[[package]]
name = "typing-extensions"
version = "4.16.0"
source = { registry = "https://pypi.org/simple" }
sdist = { url = "https://files.pythonhosted.org/packages/f6/cc/6253133b5bb138fc3306cebfbda2c520f545d36b5be2c7255cc528bb45d6/typing_extensions-4.16.0.tar.gz", hash = "sha256:dc983d19a509c94dba722ee6abd33940f7c05a89e243c47e907eb4db6f1a43e5", size = 113555, upload-time = "2026-07-02T08:40:05.92Z" }
wheels = [
    { url = "https://files.pythonhosted.org/packages/49/d3/b8441a820a491ddfc024b0b0cf0393375b75ea13866d9c66727e54c2fc80/typing_extensions-4.16.0-py3-none-any.whl", hash = "sha256:481caa481374e813c1b176ada14e97f1f67a4539ce9cfeb3f350d78d6370c2e8", size = 45571, upload-time = "2026-07-02T08:40:04.659Z" },
]

[[package]]
name = "uns-config"
version = "0.9.38"
source = { editable = "../00_uns_config" }
dependencies = [
    { name = "dynaconf" },
    { name = "httpx" },
    { name = "pyyaml" },
]

[package.metadata]
requires-dist = [
    { name = "dynaconf", specifier = "~=3.2" },
    { name = "httpx", specifier = ">=0.28.0,<1" },
    { name = "pyyaml", specifier = ">=6.0.2,<7" },
]

[package.metadata.requires-dev]
test = [
    { name = "pytest", specifier = ">=9.0.3,<10" },
    { name = "pytest-timeout", specifier = ">=2.4.0,<3" },
]

[[package]]
name = "uns-edge-agent"
version = "0.9.38"
source = { editable = "." }
dependencies = [
    { name = "cryptography" },
    { name = "httpx" },
    { name = "uns-config" },
]

[package.dev-dependencies]
test = [
    { name = "pytest" },
    { name = "pytest-timeout" },
    { name = "pytest-xdist" },
]

[package.metadata]
requires-dist = [
    { name = "cryptography", specifier = ">=44.0.0,<45" },
    { name = "httpx", specifier = ">=0.28.0,<1" },
    { name = "uns-config", editable = "../00_uns_config" },
]

[package.metadata.requires-dev]
test = [
    { name = "pytest", specifier = ">=9.0.3,<10" },
    { name = "pytest-timeout", specifier = ">=2.4.0,<3" },
    { name = "pytest-xdist", specifier = ">=3.8.0,<4" },
]
